
Microsoft Visual Studio Solution File, Format Version 12.00
# Visual Studio Version 17
VisualStudioVersion = 17.14.36518.9 d17.14
MinimumVisualStudioVersion = 10.0.40219.1
Project("{FAE04EC0-301F-11D3-BF4B-00C04F79EFBC}") = "MicroSocialPlatform", "MicroSocialPlatform\MicroSocialPlatform.csproj", "{E7A8E430-546E-489F-B3A6-66BBE5AF8D53}"
EndProject
Global
	GlobalSection(SolutionConfigurationPlatforms) = preSolution
		Debug|Any CPU = Debug|Any CPU
		Release|Any CPU = Release|Any CPU
	EndGlobalSection
	GlobalSection(ProjectConfigurationPlatforms) = postSolution
		{E7A8E430-546E-489F-B3A6-66BBE5AF8D53}.Debug|Any CPU.ActiveCfg = Debug|Any CPU
		{E7A8E430-546E-489F-B3A6-66BBE5AF8D53}.Debug|Any CPU.Build.0 = Debug|Any CPU
		{E7A8E430-546E-489F-B3A6-66BBE5AF8D53}.Release|Any CPU.ActiveCfg = Release|Any CPU
		{E7A8E430-546E-489F-B3A6-66BBE5AF8D53}.Release|Any CPU.Build.0 = Release|Any CPU
	EndGlobalSection
	GlobalSection(SolutionProperties) = preSolution
		HideSolutionNode = FALSE
	EndGlobalSection
	GlobalSection(ExtensibilityGlobals) = postSolution
		SolutionGuid = {54664D3B-F179-413D-B524-AE990B4CFCFB}
	EndGlobalSection
EndGlobal
